
Microsoft Visual Studio Solution File, Format Version 12.00
# Visual Studio Version 17
VisualStudioVersion = 17.1.32328.378
MinimumVisualStudioVersion = 10.0.40219.1
Project("{FAE04EC0-301F-11D3-BF4B-00C04F79EFBC}") = "AIS Polyclinic", "AIS Polyclinic\AIS Polyclinic.csproj", "{6677D443-95F6-4A61-878B-2831D599A2F0}"
EndProject
Global
	GlobalSection(SolutionConfigurationPlatforms) = preSolution
		Debug|Any CPU = Debug|Any CPU
		Release|Any CPU = Release|Any CPU
	EndGlobalSection
	GlobalSection(ProjectConfigurationPlatforms) = postSolution
		{6677D443-95F6-4A61-878B-2831D599A2F0}.Debug|Any CPU.ActiveCfg = Debug|Any CPU
		{6677D443-95F6-4A61-878B-2831D599A2F0}.Debug|Any CPU.Build.0 = Debug|Any CPU
		{6677D443-95F6-4A61-878B-2831D599A2F0}.Release|Any CPU.ActiveCfg = Release|Any CPU
		{6677D443-95F6-4A61-878B-2831D599A2F0}.Release|Any CPU.Build.0 = Release|Any CPU
	EndGlobalSection
	GlobalSection(SolutionProperties) = preSolution
		HideSolutionNode = FALSE
	EndGlobalSection
	GlobalSection(ExtensibilityGlobals) = postSolution
		SolutionGuid = {82CAFB5B-69BD-4977-9EB7-8DDA7B3E4A25}
	EndGlobalSection
EndGlobal
